// !$*UTF8*$!
{
	archiveVersion = 1;
	classes = {
	};
	objectVersion = 56;
	objects = {

/* Begin PBXBuildFile section */
		5957D60A28523BAD00DC2C93 /* SwiftUI_TutorialsApp.swift in Sources */ = {isa = PBXBuildFile; fileRef = 5957D60928523BAD00DC2C93 /* SwiftUI_TutorialsApp.swift */; };
		5957D60E28523BB900DC2C93 /* Assets.xcassets in Resources */ = {isa = PBXBuildFile; fileRef = 5957D60D28523BB900DC2C93 /* Assets.xcassets */; };
		5957D61128523BB900DC2C93 /* Preview Assets.xcassets in Resources */ = {isa = PBXBuildFile; fileRef = 5957D61028523BB900DC2C93 /* Preview Assets.xcassets */; };
		5957D61828523CB000DC2C93 /* Tutorials.docc in Sources */ = {isa = PBXBuildFile; fileRef = 5957D61728523CB000DC2C93 /* Tutorials.docc */; };
		5957D61A28523FCE00DC2C93 /* ChartExample.swift in Sources */ = {isa = PBXBuildFile; fileRef = 5957D61928523FCE00DC2C93 /* ChartExample.swift */; };
		596FD372285249B800D13F38 /* FirstChart.swift in Sources */ = {isa = PBXBuildFile; fileRef = 596FD371285249B800D13F38 /* FirstChart.swift */; };
/* End PBXBuildFile section */

/* Begin PBXFileReference section */
		5957D60628523BAD00DC2C93 /* SwiftUI-Tutorials.app */ = {isa = PBXFileReference; explicitFileType = wrapper.application; includeInIndex = 0; path = "SwiftUI-Tutorials.app"; sourceTree = BUILT_PRODUCTS_DIR; };
		5957D60928523BAD00DC2C93 /* SwiftUI_TutorialsApp.swift */ = {isa = PBXFileReference; lastKnownFileType = sourcecode.swift; path = SwiftUI_TutorialsApp.swift; sourceTree = "<group>"; };
		5957D60D28523BB900DC2C93 /* Assets.xcassets */ = {isa = PBXFileReference; lastKnownFileType = folder.assetcatalog; path = Assets.xcassets; sourceTree = "<group>"; };
		5957D61028523BB900DC2C93 /* Preview Assets.xcassets */ = {isa = PBXFileReference; lastKnownFileType = folder.assetcatalog; path = "Preview Assets.xcassets"; sourceTree = "<group>"; };
		5957D61728523CB000DC2C93 /* Tutorials.docc */ = {isa = PBXFileReference; lastKnownFileType = folder.documentationcatalog; path = Tutorials.docc; sourceTree = "<group>"; };
		5957D61928523FCE00DC2C93 /* ChartExample.swift */ = {isa = PBXFileReference; lastKnownFileType = sourcecode.swift; path = ChartExample.swift; sourceTree = "<group>"; };
		596FD371285249B800D13F38 /* FirstChart.swift */ = {isa = PBXFileReference; lastKnownFileType = sourcecode.swift; path = FirstChart.swift; sourceTree = "<group>"; };
/* End PBXFileReference section */

/* Begin PBXFrameworksBuildPhase section */
		5957D60328523BAD00DC2C93 /* Frameworks */ = {
			isa = PBXFrameworksBuildPhase;
			buildActionMask = 2147483647;
			files = (
			);
			runOnlyForDeploymentPostprocessing = 0;
		};
/* End PBXFrameworksBuildPhase section */

/* Begin PBXGroup section */
		5957D5FD28523BAD00DC2C93 = {
			isa = PBXGroup;
			children = (
				5957D60828523BAD00DC2C93 /* SwiftUI-Tutorials */,
				5957D60728523BAD00DC2C93 /* Products */,
			);
			sourceTree = "<group>";
		};
		5957D60728523BAD00DC2C93 /* Products */ = {
			isa = PBXGroup;
			children = (
				5957D60628523BAD00DC2C93 /* SwiftUI-Tutorials.app */,
			);
			name = Products;
			sourceTree = "<group>";
		};
		5957D60828523BAD00DC2C93 /* SwiftUI-Tutorials */ = {
			isa = PBXGroup;
			children = (
				5957D61B285248D200DC2C93 /* Charts */,
				5957D60928523BAD00DC2C93 /* SwiftUI_TutorialsApp.swift */,
				5957D60D28523BB900DC2C93 /* Assets.xcassets */,
				5957D60F28523BB900DC2C93 /* Preview Content */,
				5957D61728523CB000DC2C93 /* Tutorials.docc */,
			);
			path = "SwiftUI-Tutorials";
			sourceTree = "<group>";
		};
		5957D60F28523BB900DC2C93 /* Preview Content */ = {
			isa = PBXGroup;
			children = (
				5957D61028523BB900DC2C93 /* Preview Assets.xcassets */,
			);
			path = "Preview Content";
			sourceTree = "<group>";
		};
		5957D61B285248D200DC2C93 /* Charts */ = {
			isa = PBXGroup;
			children = (
				596FD371285249B800D13F38 /* FirstChart.swift */,
				5957D61928523FCE00DC2C93 /* ChartExample.swift */,
			);
			path = Charts;
			sourceTree = "<group>";
		};
/* End PBXGroup section */

/* Begin PBXNativeTarget section */
		5957D60528523BAD00DC2C93 /* SwiftUI-Tutorials */ = {
			isa = PBXNativeTarget;
			buildConfigurationList = 5957D61428523BB900DC2C93 /* Build configuration list for PBXNativeTarget "SwiftUI-Tutorials" */;
			buildPhases = (
				5957D60228523BAD00DC2C93 /* Sources */,
				5957D60328523BAD00DC2C93 /* Frameworks */,
				5957D60428523BAD00DC2C93 /* Resources */,
			);
			buildRules = (
			);
			dependencies = (
			);
			name = "SwiftUI-Tutorials";
			productName = "SwiftUI-Tutorials";
			productReference = 5957D60628523BAD00DC2C93 /* SwiftUI-Tutorials.app */;
			productType = "com.apple.product-type.application";
		};
/* End PBXNativeTarget section */

/* Begin PBXProject section */
		5957D5FE28523BAD00DC2C93 /* Project object */ = {
			isa = PBXProject;
			attributes = {
				BuildIndependentTargetsInParallel = 1;
				LastSwiftUpdateCheck = 1400;
				LastUpgradeCheck = 1400;
				TargetAttributes = {
					5957D60528523BAD00DC2C93 = {
						CreatedOnToolsVersion = 14.0;
					};
				};
			};
			buildConfigurationList = 5957D60128523BAD00DC2C93 /* Build configuration list for PBXProject "SwiftUI-Tutorials" */;
			compatibilityVersion = "Xcode 14.0";
			developmentRegion = en;
			hasScannedForEncodings = 0;
			knownRegions = (
				en,
				Base,
			);
			mainGroup = 5957D5FD28523BAD00DC2C93;
			productRefGroup = 5957D60728523BAD00DC2C93 /* Products */;
			projectDirPath = "";
			projectRoot = "";
			targets = (
				5957D60528523BAD00DC2C93 /* SwiftUI-Tutorials */,
			);
		};
/* End PBXProject section */

/* Begin PBXResourcesBuildPhase section */
		5957D60428523BAD00DC2C93 /* Resources */ = {
			isa = PBXResourcesBuildPhase;
			buildActionMask = 2147483647;
			files = (
				5957D61128523BB900DC2C93 /* Preview Assets.xcassets in Resources */,
				5957D60E28523BB900DC2C93 /* Assets.xcassets in Resources */,
			);
			runOnlyForDeploymentPostprocessing = 0;
		};
/* End PBXResourcesBuildPhase section */

/* Begin PBXSourcesBuildPhase section */
		5957D60228523BAD00DC2C93 /* Sources */ = {
			isa = PBXSourcesBuildPhase;
			buildActionMask = 2147483647;
			files = (
				5957D60A28523BAD00DC2C93 /* SwiftUI_TutorialsApp.swift in Sources */,
				596FD372285249B800D13F38 /* FirstChart.swift in Sources */,
				5957D61828523CB000DC2C93 /* Tutorials.docc in Sources */,
				5957D61A28523FCE00DC2C93 /* ChartExample.swift in Sources */,
			);
			runOnlyForDeploymentPostprocessing = 0;
		};
/* End PBXSourcesBuildPhase section */

/* Begin XCBuildConfiguration section */
		5957D61228523BB900DC2C93 /* Debug */ = {
			isa = XCBuildConfiguration;
			buildSettings = {
				ALWAYS_SEARCH_USER_PATHS = NO;
				CLANG_ANALYZER_NONNULL = YES;
				CLANG_ANALYZER_NUMBER_OBJECT_CONVERSION = YES_AGGRESSIVE;
				CLANG_CXX_LANGUAGE_STANDARD = "gnu++17";
				CLANG_ENABLE_MODULES = YES;
				CLANG_ENABLE_OBJC_ARC = YES;
				CLANG_ENABLE_OBJC_WEAK = YES;
				CLANG_WARN_BLOCK_CAPTURE_AUTORELEASING = YES;
				CLANG_WARN_BOOL_CONVERSION = YES;
				CLANG_WARN_COMMA = YES;
				CLANG_WARN_CONSTANT_CONVERSION = YES;
				CLANG_WARN_DEPRECATED_OBJC_IMPLEMENTATIONS = YES;
				CLANG_WARN_DIRECT_OBJC_ISA_USAGE = YES_ERROR;
				CLANG_WARN_DOCUMENTATION_COMMENTS = YES;
				CLANG_WARN_EMPTY_BODY = YES;
				CLANG_WARN_ENUM_CONVERSION = YES;
				CLANG_WARN_INFINITE_RECURSION = YES;
				CLANG_WARN_INT_CONVERSION = YES;
				CLANG_WARN_NON_LITERAL_NULL_CONVERSION = YES;
				CLANG_WARN_OBJC_IMPLICIT_RETAIN_SELF = YES;
				CLANG_WARN_OBJC_LITERAL_CONVERSION = YES;
				CLANG_WARN_OBJC_ROOT_CLASS = YES_ERROR;
				CLANG_WARN_QUOTED_INCLUDE_IN_FRAMEWORK_HEADER = YES;
				CLANG_WARN_RANGE_LOOP_ANALYSIS = YES;
				CLANG_WARN_STRICT_PROTOTYPES = YES;
				CLANG_WARN_SUSPICIOUS_MOVE = YES;
				CLANG_WARN_UNGUARDED_AVAILABILITY = YES_AGGRESSIVE;
				CLANG_WARN_UNREACHABLE_CODE = YES;
				CLANG_WARN__DUPLICATE_METHOD_MATCH = YES;
				COPY_PHASE_STRIP = NO;
				DEBUG_INFORMATION_FORMAT = dwarf;
				ENABLE_STRICT_OBJC_MSGSEND = YES;
				ENABLE_TESTABILITY = YES;
				GCC_C_LANGUAGE_STANDARD = gnu11;
				GCC_DYNAMIC_NO_PIC = NO;
				GCC_NO_COMMON_BLOCKS = YES;
				GCC_OPTIMIZATION_LEVEL = 0;
				GCC_PREPROCESSOR_DEFINITIONS = (
					"DEBUG=1",
					"$(inherited)",
				);
				GCC_WARN_64_TO_32_BIT_CONVERSION = YES;
				GCC_WARN_ABOUT_RETURN_TYPE = YES_ERROR;
				GCC_WARN_UNDECLARED_SELECTOR = YES;
				GCC_WARN_UNINITIALIZED_AUTOS = YES_AGGRESSIVE;
				GCC_WARN_UNUSED_FUNCTION = YES;
				GCC_WARN_UNUSED_VARIABLE = YES;
				IPHONEOS_DEPLOYMENT_TARGET = 16.0;
				MTL_ENABLE_DEBUG_INFO = INCLUDE_SOURCE;
				MTL_FAST_MATH = YES;
				ONLY_ACTIVE_ARCH = YES;
				SDKROOT = iphoneos;
				SWIFT_ACTIVE_COMPILATION_CONDITIONS = DEBUG;
				SWIFT_OPTIMIZATION_LEVEL = "-Onone";
			};
			name = Debug;
		};
		5957D61328523BB900DC2C93 /* Release */ = {
			isa = XCBuildConfiguration;
			buildSettings = {
				ALWAYS_SEARCH_USER_PATHS = NO;
				CLANG_ANALYZER_NONNULL = YES;
				CLANG_ANALYZER_NUMBER_OBJECT_CONVERSION = YES_AGGRESSIVE;
				CLANG_CXX_LANGUAGE_STANDARD = "gnu++17";
				CLANG_ENABLE_MODULES = YES;
				CLANG_ENABLE_OBJC_ARC = YES;
				CLANG_ENABLE_OBJC_WEAK = YES;
				CLANG_WARN_BLOCK_CAPTURE_AUTORELEASING = YES;
				CLANG_WARN_BOOL_CONVERSION = YES;
				CLANG_WARN_COMMA = YES;
				CLANG_WARN_CONSTANT_CONVERSION = YES;
				CLANG_WARN_DEPRECATED_OBJC_IMPLEMENTATIONS = YES;
				CLANG_WARN_DIRECT_OBJC_ISA_USAGE = YES_ERROR;
				CLANG_WARN_DOCUMENTATION_COMMENTS = YES;
				CLANG_WARN_EMPTY_BODY = YES;
				CLANG_WARN_ENUM_CONVERSION = YES;
				CLANG_WARN_INFINITE_RECURSION = YES;
				CLANG_WARN_INT_CONVERSION = YES;
				CLANG_WARN_NON_LITERAL_NULL_CONVERSION = YES;
				CLANG_WARN_OBJC_IMPLICIT_RETAIN_SELF = YES;
				CLANG_WARN_OBJC_LITERAL_CONVERSION = YES;
				CLANG_WARN_OBJC_ROOT_CLASS = YES_ERROR;
				CLANG_WARN_QUOTED_INCLUDE_IN_FRAMEWORK_HEADER = YES;
				CLANG_WARN_RANGE_LOOP_ANALYSIS = YES;
				CLANG_WARN_STRICT_PROTOTYPES = YES;
				CLANG_WARN_SUSPICIOUS_MOVE = YES;
				CLANG_WARN_UNGUARDED_AVAILABILITY = YES_AGGRESSIVE;
				CLANG_WARN_UNREACHABLE_CODE = YES;
				CLANG_WARN__DUPLICATE_METHOD_MATCH = YES;
				COPY_PHASE_STRIP = NO;
				DEBUG_INFORMATION_FORMAT = "dwarf-with-dsym";
				ENABLE_NS_ASSERTIONS = NO;
				ENABLE_STRICT_OBJC_MSGSEND = YES;
				GCC_C_LANGUAGE_STANDARD = gnu11;
				GCC_NO_COMMON_BLOCKS = YES;
				GCC_WARN_64_TO_32_BIT_CONVERSION = YES;
				GCC_WARN_ABOUT_RETURN_TYPE = YES_ERROR;
				GCC_WARN_UNDECLARED_SELECTOR = YES;
				GCC_WARN_UNINITIALIZED_AUTOS = YES_AGGRESSIVE;
				GCC_WARN_UNUSED_FUNCTION = YES;
				GCC_WARN_UNUSED_VARIABLE = YES;
				IPHONEOS_DEPLOYMENT_TARGET = 16.0;
				MTL_ENABLE_DEBUG_INFO = NO;
				MTL_FAST_MATH = YES;
				SDKROOT = iphoneos;
				SWIFT_COMPILATION_MODE = wholemodule;
				SWIFT_OPTIMIZATION_LEVEL = "-O";
				VALIDATE_PRODUCT = YES;
			};
			name = Release;
		};
		5957D61528523BB900DC2C93 /* Debug */ = {
			isa = XCBuildConfiguration;
			buildSettings = {
				ASSETCATALOG_COMPILER_APPICON_NAME = AppIcon;
				ASSETCATALOG_COMPILER_GLOBAL_ACCENT_COLOR_NAME = AccentColor;
				CODE_SIGN_STYLE = Automatic;
				CURRENT_PROJECT_VERSION = 1;
				DEVELOPMENT_ASSET_PATHS = "\"SwiftUI-Tutorials/Preview Content\"";
				DOCC_HOSTING_BASE_PATH = "SwiftUI-Tutorials/docs";
				ENABLE_PREVIEWS = YES;
				GENERATE_INFOPLIST_FILE = YES;
				INFOPLIST_KEY_UIApplicationSceneManifest_Generation = YES;
				INFOPLIST_KEY_UIApplicationSupportsIndirectInputEvents = YES;
				INFOPLIST_KEY_UILaunchScreen_Generation = YES;
				INFOPLIST_KEY_UISupportedInterfaceOrientations_iPad = "UIInterfaceOrientationPortrait UIInterfaceOrientationPortraitUpsideDown UIInterfaceOrientationLandscapeLeft UIInterfaceOrientationLandscapeRight";
				INFOPLIST_KEY_UISupportedInterfaceOrientations_iPhone = "UIInterfaceOrientationPortrait UIInterfaceOrientationLandscapeLeft UIInterfaceOrientationLandscapeRight";
				LD_RUNPATH_SEARCH_PATHS = (
					"$(inherited)",
					"@executable_path/Frameworks",
				);
				MARKETING_VERSION = 1.0;
				PRODUCT_BUNDLE_IDENTIFIER = "com.tutorials.SwiftUI-Tutorials";
				PRODUCT_NAME = "$(TARGET_NAME)";
				SWIFT_EMIT_LOC_STRINGS = YES;
				SWIFT_VERSION = 5.0;
				TARGETED_DEVICE_FAMILY = "1,2";
			};
			name = Debug;
		};
		5957D61628523BB900DC2C93 /* Release */ = {
			isa = XCBuildConfiguration;
			buildSettings = {
				ASSETCATALOG_COMPILER_APPICON_NAME = AppIcon;
				ASSETCATALOG_COMPILER_GLOBAL_ACCENT_COLOR_NAME = AccentColor;
				CODE_SIGN_STYLE = Automatic;
				CURRENT_PROJECT_VERSION = 1;
				DEVELOPMENT_ASSET_PATHS = "\"SwiftUI-Tutorials/Preview Content\"";
				DOCC_HOSTING_BASE_PATH = "SwiftUI-Tutorials/docs";
				ENABLE_PREVIEWS = YES;
				GENERATE_INFOPLIST_FILE = YES;
				INFOPLIST_KEY_UIApplicationSceneManifest_Generation = YES;
				INFOPLIST_KEY_UIApplicationSupportsIndirectInputEvents = YES;
				INFOPLIST_KEY_UILaunchScreen_Generation = YES;
				INFOPLIST_KEY_UISupportedInterfaceOrientations_iPad = "UIInterfaceOrientationPortrait UIInterfaceOrientationPortraitUpsideDown UIInterfaceOrientationLandscapeLeft UIInterfaceOrientationLandscapeRight";
				INFOPLIST_KEY_UISupportedInterfaceOrientations_iPhone = "UIInterfaceOrientationPortrait UIInterfaceOrientationLandscapeLeft UIInterfaceOrientationLandscapeRight";
				LD_RUNPATH_SEARCH_PATHS = (
					"$(inherited)",
					"@executable_path/Frameworks",
				);
				MARKETING_VERSION = 1.0;
				PRODUCT_BUNDLE_IDENTIFIER = "com.tutorials.SwiftUI-Tutorials";
				PRODUCT_NAME = "$(TARGET_NAME)";
				SWIFT_EMIT_LOC_STRINGS = YES;
				SWIFT_VERSION = 5.0;
				TARGETED_DEVICE_FAMILY = "1,2";
			};
			name = Release;
		};
/* End XCBuildConfiguration section */

/* Begin XCConfigurationList section */
		5957D60128523BAD00DC2C93 /* Build configuration list for PBXProject "SwiftUI-Tutorials" */ = {
			isa = XCConfigurationList;
			buildConfigurations = (
				5957D61228523BB900DC2C93 /* Debug */,
				5957D61328523BB900DC2C93 /* Release */,
			);
			defaultConfigurationIsVisible = 0;
			defaultConfigurationName = Release;
		};
		5957D61428523BB900DC2C93 /* Build configuration list for PBXNativeTarget "SwiftUI-Tutorials" */ = {
			isa = XCConfigurationList;
			buildConfigurations = (
				5957D61528523BB900DC2C93 /* Debug */,
				5957D61628523BB900DC2C93 /* Release */,
			);
			defaultConfigurationIsVisible = 0;
			defaultConfigurationName = Release;
		};
/* End XCConfigurationList section */
	};
	rootObject = 5957D5FE28523BAD00DC2C93 /* Project object */;
}
